
Microsoft Visual Studio Solution File, Format Version 12.00
# Visual Studio Version 17
VisualStudioVersion = 17.8.34316.72
MinimumVisualStudioVersion = 10.0.40219.1
Project("{FAE04EC0-301F-11D3-BF4B-00C04F79EFBC}") = "SortingAlgorithmsProject", "SortingAlgorithmsProject\SortingAlgorithmsProject.csproj", "{ED1A7347-76E2-4A08-B78E-F5CC9E87C762}"
EndProject
Global
	GlobalSection(SolutionConfigurationPlatforms) = preSolution
		Debug|Any CPU = Debug|Any CPU
		Release|Any CPU = Release|Any CPU
	EndGlobalSection
	GlobalSection(ProjectConfigurationPlatforms) = postSolution
		{ED1A7347-76E2-4A08-B78E-F5CC9E87C762}.Debug|Any CPU.ActiveCfg = Debug|Any CPU
		{ED1A7347-76E2-4A08-B78E-F5CC9E87C762}.Debug|Any CPU.Build.0 = Debug|Any CPU
		{ED1A7347-76E2-4A08-B78E-F5CC9E87C762}.Release|Any CPU.ActiveCfg = Release|Any CPU
		{ED1A7347-76E2-4A08-B78E-F5CC9E87C762}.Release|Any CPU.Build.0 = Release|Any CPU
	EndGlobalSection
	GlobalSection(SolutionProperties) = preSolution
		HideSolutionNode = FALSE
	EndGlobalSection
	GlobalSection(ExtensibilityGlobals) = postSolution
		SolutionGuid = {25D63F58-B53B-4894-9F84-A3FA8260E6EE}
	EndGlobalSection
EndGlobal
